// !$*UTF8*$!
{
	archiveVersion = 1;
	classes = {
	};
	objectVersion = 50;
	objects = {

/* Begin PBXBuildFile section */
		036BD43B226615A200036F3E /* AppDelegate.swift in Sources */ = {isa = PBXBuildFile; fileRef = 036BD43A226615A200036F3E /* AppDelegate.swift */; };
		036BD43D226615A200036F3E /* ViewController.swift in Sources */ = {isa = PBXBuildFile; fileRef = 036BD43C226615A200036F3E /* ViewController.swift */; };
		036BD440226615A200036F3E /* Main.storyboard in Resources */ = {isa = PBXBuildFile; fileRef = 036BD43E226615A200036F3E /* Main.storyboard */; };
		036BD443226615A200036F3E /* clubber_ios_.xcdatamodeld in Sources */ = {isa = PBXBuildFile; fileRef = 036BD441226615A200036F3E /* clubber_ios_.xcdatamodeld */; };
		036BD445226615A300036F3E /* Assets.xcassets in Resources */ = {isa = PBXBuildFile; fileRef = 036BD444226615A300036F3E /* Assets.xcassets */; };
		036BD448226615A300036F3E /* LaunchScreen.storyboard in Resources */ = {isa = PBXBuildFile; fileRef = 036BD446226615A300036F3E /* LaunchScreen.storyboard */; };
		036BD453226615A300036F3E /* clubber_ios_Tests.swift in Sources */ = {isa = PBXBuildFile; fileRef = 036BD452226615A300036F3E /* clubber_ios_Tests.swift */; };
		036BD45E226615A300036F3E /* clubber_ios_UITests.swift in Sources */ = {isa = PBXBuildFile; fileRef = 036BD45D226615A300036F3E /* clubber_ios_UITests.swift */; };
		036BD46C226616E300036F3E /* DataBaseHelper.swift in Sources */ = {isa = PBXBuildFile; fileRef = 036BD46B226616E300036F3E /* DataBaseHelper.swift */; };
		036BD46E2266171500036F3E /* HTTPHelper.swift in Sources */ = {isa = PBXBuildFile; fileRef = 036BD46D2266171500036F3E /* HTTPHelper.swift */; };
		03927BD7227E159600FB4E19 /* TabBarController.swift in Sources */ = {isa = PBXBuildFile; fileRef = 03927BD6227E159600FB4E19 /* TabBarController.swift */; };
		0397BB5C2275E1EE00FDF73C /* TableViewControllerEvents.swift in Sources */ = {isa = PBXBuildFile; fileRef = 0397BB5B2275E1EE00FDF73C /* TableViewControllerEvents.swift */; };
		0397BB5E2275F07900FDF73C /* TableViewControllerClubs.swift in Sources */ = {isa = PBXBuildFile; fileRef = 0397BB5D2275F07900FDF73C /* TableViewControllerClubs.swift */; };
		03DA9107227A06E2006EAEB8 /* AlertHelperExtension.swift in Sources */ = {isa = PBXBuildFile; fileRef = 03DA9106227A06E2006EAEB8 /* AlertHelperExtension.swift */; };
		EB5280F6228059C000D8596D /* CardViewEvents.swift in Sources */ = {isa = PBXBuildFile; fileRef = EB5280F5228059C000D8596D /* CardViewEvents.swift */; };
/* End PBXBuildFile section */

/* Begin PBXContainerItemProxy section */
		036BD44F226615A300036F3E /* PBXContainerItemProxy */ = {
			isa = PBXContainerItemProxy;
			containerPortal = 036BD42F226615A200036F3E /* Project object */;
			proxyType = 1;
			remoteGlobalIDString = 036BD436226615A200036F3E;
			remoteInfo = "clubber(ios)";
		};
		036BD45A226615A300036F3E /* PBXContainerItemProxy */ = {
			isa = PBXContainerItemProxy;
			containerPortal = 036BD42F226615A200036F3E /* Project object */;
			proxyType = 1;
			remoteGlobalIDString = 036BD436226615A200036F3E;
			remoteInfo = "clubber(ios)";
		};
/* End PBXContainerItemProxy section */

/* Begin PBXFileReference section */
		036BD437226615A200036F3E /* clubber(ios).app */ = {isa = PBXFileReference; explicitFileType = wrapper.application; includeInIndex = 0; path = "clubber(ios).app"; sourceTree = BUILT_PRODUCTS_DIR; };
		036BD43A226615A200036F3E /* AppDelegate.swift */ = {isa = PBXFileReference; lastKnownFileType = sourcecode.swift; path = AppDelegate.swift; sourceTree = "<group>"; };
		036BD43C226615A200036F3E /* ViewController.swift */ = {isa = PBXFileReference; lastKnownFileType = sourcecode.swift; path = ViewController.swift; sourceTree = "<group>"; };
		036BD43F226615A200036F3E /* Base */ = {isa = PBXFileReference; lastKnownFileType = file.storyboard; name = Base; path = Base.lproj/Main.storyboard; sourceTree = "<group>"; };
		036BD442226615A200036F3E /* clubber_ios_.xcdatamodel */ = {isa = PBXFileReference; lastKnownFileType = wrapper.xcdatamodel; path = clubber_ios_.xcdatamodel; sourceTree = "<group>"; };
		036BD444226615A300036F3E /* Assets.xcassets */ = {isa = PBXFileReference; lastKnownFileType = folder.assetcatalog; path = Assets.xcassets; sourceTree = "<group>"; };
		036BD447226615A300036F3E /* Base */ = {isa = PBXFileReference; lastKnownFileType = file.storyboard; name = Base; path = Base.lproj/LaunchScreen.storyboard; sourceTree = "<group>"; };
		036BD449226615A300036F3E /* Info.plist */ = {isa = PBXFileReference; lastKnownFileType = text.plist.xml; path = Info.plist; sourceTree = "<group>"; };
		036BD44E226615A300036F3E /* clubber(ios)Tests.xctest */ = {isa = PBXFileReference; explicitFileType = wrapper.cfbundle; includeInIndex = 0; path = "clubber(ios)Tests.xctest"; sourceTree = BUILT_PRODUCTS_DIR; };
		036BD452226615A300036F3E /* clubber_ios_Tests.swift */ = {isa = PBXFileReference; lastKnownFileType = sourcecode.swift; path = clubber_ios_Tests.swift; sourceTree = "<group>"; };
		036BD454226615A300036F3E /* Info.plist */ = {isa = PBXFileReference; lastKnownFileType = text.plist.xml; path = Info.plist; sourceTree = "<group>"; };
		036BD459226615A300036F3E /* clubber(ios)UITests.xctest */ = {isa = PBXFileReference; explicitFileType = wrapper.cfbundle; includeInIndex = 0; path = "clubber(ios)UITests.xctest"; sourceTree = BUILT_PRODUCTS_DIR; };
		036BD45D226615A300036F3E /* clubber_ios_UITests.swift */ = {isa = PBXFileReference; lastKnownFileType = sourcecode.swift; path = clubber_ios_UITests.swift; sourceTree = "<group>"; };
		036BD45F226615A300036F3E /* Info.plist */ = {isa = PBXFileReference; lastKnownFileType = text.plist.xml; path = Info.plist; sourceTree = "<group>"; };
		036BD46B226616E300036F3E /* DataBaseHelper.swift */ = {isa = PBXFileReference; lastKnownFileType = sourcecode.swift; path = DataBaseHelper.swift; sourceTree = "<group>"; };
		036BD46D2266171500036F3E /* HTTPHelper.swift */ = {isa = PBXFileReference; lastKnownFileType = sourcecode.swift; path = HTTPHelper.swift; sourceTree = "<group>"; };
		03927BD6227E159600FB4E19 /* TabBarController.swift */ = {isa = PBXFileReference; lastKnownFileType = sourcecode.swift; path = TabBarController.swift; sourceTree = "<group>"; };
		0397BB5B2275E1EE00FDF73C /* TableViewControllerEvents.swift */ = {isa = PBXFileReference; lastKnownFileType = sourcecode.swift; path = TableViewControllerEvents.swift; sourceTree = "<group>"; };
		0397BB5D2275F07900FDF73C /* TableViewControllerClubs.swift */ = {isa = PBXFileReference; lastKnownFileType = sourcecode.swift; path = TableViewControllerClubs.swift; sourceTree = "<group>"; };
		03DA9106227A06E2006EAEB8 /* AlertHelperExtension.swift */ = {isa = PBXFileReference; lastKnownFileType = sourcecode.swift; path = AlertHelperExtension.swift; sourceTree = "<group>"; };
		EB5280F5228059C000D8596D /* CardViewEvents.swift */ = {isa = PBXFileReference; lastKnownFileType = sourcecode.swift; path = CardViewEvents.swift; sourceTree = "<group>"; };
/* End PBXFileReference section */

/* Begin PBXFrameworksBuildPhase section */
		036BD434226615A200036F3E /* Frameworks */ = {
			isa = PBXFrameworksBuildPhase;
			buildActionMask = 2147483647;
			files = (
			);
			runOnlyForDeploymentPostprocessing = 0;
		};
		036BD44B226615A300036F3E /* Frameworks */ = {
			isa = PBXFrameworksBuildPhase;
			buildActionMask = 2147483647;
			files = (
			);
			runOnlyForDeploymentPostprocessing = 0;
		};
		036BD456226615A300036F3E /* Frameworks */ = {
			isa = PBXFrameworksBuildPhase;
			buildActionMask = 2147483647;
			files = (
			);
			runOnlyForDeploymentPostprocessing = 0;
		};
/* End PBXFrameworksBuildPhase section */

/* Begin PBXGroup section */
		036BD42E226615A200036F3E = {
			isa = PBXGroup;
			children = (
				036BD439226615A200036F3E /* clubber(ios) */,
				036BD451226615A300036F3E /* clubber(ios)Tests */,
				036BD45C226615A300036F3E /* clubber(ios)UITests */,
				036BD438226615A200036F3E /* Products */,
			);
			sourceTree = "<group>";
		};
		036BD438226615A200036F3E /* Products */ = {
			isa = PBXGroup;
			children = (
				036BD437226615A200036F3E /* clubber(ios).app */,
				036BD44E226615A300036F3E /* clubber(ios)Tests.xctest */,
				036BD459226615A300036F3E /* clubber(ios)UITests.xctest */,
			);
			name = Products;
			sourceTree = "<group>";
		};
		036BD439226615A200036F3E /* clubber(ios) */ = {
			isa = PBXGroup;
			children = (
				036BD43A226615A200036F3E /* AppDelegate.swift */,
				036BD43C226615A200036F3E /* ViewController.swift */,
				036BD46D2266171500036F3E /* HTTPHelper.swift */,
				036BD46B226616E300036F3E /* DataBaseHelper.swift */,
				0397BB5B2275E1EE00FDF73C /* TableViewControllerEvents.swift */,
				0397BB5D2275F07900FDF73C /* TableViewControllerClubs.swift */,
				03DA9106227A06E2006EAEB8 /* AlertHelperExtension.swift */,
				03927BD6227E159600FB4E19 /* TabBarController.swift */,
				036BD43E226615A200036F3E /* Main.storyboard */,
				036BD444226615A300036F3E /* Assets.xcassets */,
				036BD446226615A300036F3E /* LaunchScreen.storyboard */,
				036BD449226615A300036F3E /* Info.plist */,
				036BD441226615A200036F3E /* clubber_ios_.xcdatamodeld */,
				EB5280F5228059C000D8596D /* CardViewEvents.swift */,
			);
			path = "clubber(ios)";
			sourceTree = "<group>";
		};
		036BD451226615A300036F3E /* clubber(ios)Tests */ = {
			isa = PBXGroup;
			children = (
				036BD452226615A300036F3E /* clubber_ios_Tests.swift */,
				036BD454226615A300036F3E /* Info.plist */,
			);
			path = "clubber(ios)Tests";
			sourceTree = "<group>";
		};
		036BD45C226615A300036F3E /* clubber(ios)UITests */ = {
			isa = PBXGroup;
			children = (
				036BD45D226615A300036F3E /* clubber_ios_UITests.swift */,
				036BD45F226615A300036F3E /* Info.plist */,
			);
			path = "clubber(ios)UITests";
			sourceTree = "<group>";
		};
/* End PBXGroup section */

/* Begin PBXNativeTarget section */
		036BD436226615A200036F3E /* clubber(ios) */ = {
			isa = PBXNativeTarget;
			buildConfigurationList = 036BD462226615A300036F3E /* Build configuration list for PBXNativeTarget "clubber(ios)" */;
			buildPhases = (
				036BD433226615A200036F3E /* Sources */,
				036BD434226615A200036F3E /* Frameworks */,
				036BD435226615A200036F3E /* Resources */,
			);
			buildRules = (
			);
			dependencies = (
			);
			name = "clubber(ios)";
			productName = "clubber(ios)";
			productReference = 036BD437226615A200036F3E /* clubber(ios).app */;
			productType = "com.apple.product-type.application";
		};
		036BD44D226615A300036F3E /* clubber(ios)Tests */ = {
			isa = PBXNativeTarget;
			buildConfigurationList = 036BD465226615A300036F3E /* Build configuration list for PBXNativeTarget "clubber(ios)Tests" */;
			buildPhases = (
				036BD44A226615A300036F3E /* Sources */,
				036BD44B226615A300036F3E /* Frameworks */,
				036BD44C226615A300036F3E /* Resources */,
			);
			buildRules = (
			);
			dependencies = (
				036BD450226615A300036F3E /* PBXTargetDependency */,
			);
			name = "clubber(ios)Tests";
			productName = "clubber(ios)Tests";
			productReference = 036BD44E226615A300036F3E /* clubber(ios)Tests.xctest */;
			productType = "com.apple.product-type.bundle.unit-test";
		};
		036BD458226615A300036F3E /* clubber(ios)UITests */ = {
			isa = PBXNativeTarget;
			buildConfigurationList = 036BD468226615A300036F3E /* Build configuration list for PBXNativeTarget "clubber(ios)UITests" */;
			buildPhases = (
				036BD455226615A300036F3E /* Sources */,
				036BD456226615A300036F3E /* Frameworks */,
				036BD457226615A300036F3E /* Resources */,
			);
			buildRules = (
			);
			dependencies = (
				036BD45B226615A300036F3E /* PBXTargetDependency */,
			);
			name = "clubber(ios)UITests";
			productName = "clubber(ios)UITests";
			productReference = 036BD459226615A300036F3E /* clubber(ios)UITests.xctest */;
			productType = "com.apple.product-type.bundle.ui-testing";
		};
/* End PBXNativeTarget section */

/* Begin PBXProject section */
		036BD42F226615A200036F3E /* Project object */ = {
			isa = PBXProject;
			attributes = {
				LastSwiftUpdateCheck = 1010;
				LastUpgradeCheck = 1010;
				ORGANIZATIONNAME = "hdm-stuttgart";
				TargetAttributes = {
					036BD436226615A200036F3E = {
						CreatedOnToolsVersion = 10.1;
					};
					036BD44D226615A300036F3E = {
						CreatedOnToolsVersion = 10.1;
						TestTargetID = 036BD436226615A200036F3E;
					};
					036BD458226615A300036F3E = {
						CreatedOnToolsVersion = 10.1;
						TestTargetID = 036BD436226615A200036F3E;
					};
				};
			};
			buildConfigurationList = 036BD432226615A200036F3E /* Build configuration list for PBXProject "clubber(ios)" */;
			compatibilityVersion = "Xcode 9.3";
			developmentRegion = en;
			hasScannedForEncodings = 0;
			knownRegions = (
				en,
				Base,
			);
			mainGroup = 036BD42E226615A200036F3E;
			productRefGroup = 036BD438226615A200036F3E /* Products */;
			projectDirPath = "";
			projectRoot = "";
			targets = (
				036BD436226615A200036F3E /* clubber(ios) */,
				036BD44D226615A300036F3E /* clubber(ios)Tests */,
				036BD458226615A300036F3E /* clubber(ios)UITests */,
			);
		};
/* End PBXProject section */

/* Begin PBXResourcesBuildPhase section */
		036BD435226615A200036F3E /* Resources */ = {
			isa = PBXResourcesBuildPhase;
			buildActionMask = 2147483647;
			files = (
				036BD448226615A300036F3E /* LaunchScreen.storyboard in Resources */,
				036BD445226615A300036F3E /* Assets.xcassets in Resources */,
				036BD440226615A200036F3E /* Main.storyboard in Resources */,
			);
			runOnlyForDeploymentPostprocessing = 0;
		};
		036BD44C226615A300036F3E /* Resources */ = {
			isa = PBXResourcesBuildPhase;
			buildActionMask = 2147483647;
			files = (
			);
			runOnlyForDeploymentPostprocessing = 0;
		};
		036BD457226615A300036F3E /* Resources */ = {
			isa = PBXResourcesBuildPhase;
			buildActionMask = 2147483647;
			files = (
			);
			runOnlyForDeploymentPostprocessing = 0;
		};
/* End PBXResourcesBuildPhase section */

/* Begin PBXSourcesBuildPhase section */
		036BD433226615A200036F3E /* Sources */ = {
			isa = PBXSourcesBuildPhase;
			buildActionMask = 2147483647;
			files = (
				036BD46C226616E300036F3E /* DataBaseHelper.swift in Sources */,
				036BD43D226615A200036F3E /* ViewController.swift in Sources */,
				036BD46E2266171500036F3E /* HTTPHelper.swift in Sources */,
				03927BD7227E159600FB4E19 /* TabBarController.swift in Sources */,
				036BD443226615A200036F3E /* clubber_ios_.xcdatamodeld in Sources */,
				03DA9107227A06E2006EAEB8 /* AlertHelperExtension.swift in Sources */,
				0397BB5E2275F07900FDF73C /* TableViewControllerClubs.swift in Sources */,
				EB5280F6228059C000D8596D /* CardViewEvents.swift in Sources */,
				0397BB5C2275E1EE00FDF73C /* TableViewControllerEvents.swift in Sources */,
				036BD43B226615A200036F3E /* AppDelegate.swift in Sources */,
			);
			runOnlyForDeploymentPostprocessing = 0;
		};
		036BD44A226615A300036F3E /* Sources */ = {
			isa = PBXSourcesBuildPhase;
			buildActionMask = 2147483647;
			files = (
				036BD453226615A300036F3E /* clubber_ios_Tests.swift in Sources */,
			);
			runOnlyForDeploymentPostprocessing = 0;
		};
		036BD455226615A300036F3E /* Sources */ = {
			isa = PBXSourcesBuildPhase;
			buildActionMask = 2147483647;
			files = (
				036BD45E226615A300036F3E /* clubber_ios_UITests.swift in Sources */,
			);
			runOnlyForDeploymentPostprocessing = 0;
		};
/* End PBXSourcesBuildPhase section */

/* Begin PBXTargetDependency section */
		036BD450226615A300036F3E /* PBXTargetDependency */ = {
			isa = PBXTargetDependency;
			target = 036BD436226615A200036F3E /* clubber(ios) */;
			targetProxy = 036BD44F226615A300036F3E /* PBXContainerItemProxy */;
		};
		036BD45B226615A300036F3E /* PBXTargetDependency */ = {
			isa = PBXTargetDependency;
			target = 036BD436226615A200036F3E /* clubber(ios) */;
			targetProxy = 036BD45A226615A300036F3E /* PBXContainerItemProxy */;
		};
/* End PBXTargetDependency section */

/* Begin PBXVariantGroup section */
		036BD43E226615A200036F3E /* Main.storyboard */ = {
			isa = PBXVariantGroup;
			children = (
				036BD43F226615A200036F3E /* Base */,
			);
			name = Main.storyboard;
			sourceTree = "<group>";
		};
		036BD446226615A300036F3E /* LaunchScreen.storyboard */ = {
			isa = PBXVariantGroup;
			children = (
				036BD447226615A300036F3E /* Base */,
			);
			name = LaunchScreen.storyboard;
			sourceTree = "<group>";
		};
/* End PBXVariantGroup section */

/* Begin XCBuildConfiguration section */
		036BD460226615A300036F3E /* Debug */ = {
			isa = XCBuildConfiguration;
			buildSettings = {
				ALWAYS_SEARCH_USER_PATHS = NO;
				CLANG_ANALYZER_NONNULL = YES;
				CLANG_ANALYZER_NUMBER_OBJECT_CONVERSION = YES_AGGRESSIVE;
				CLANG_CXX_LANGUAGE_STANDARD = "gnu++14";
				CLANG_CXX_LIBRARY = "libc++";
				CLANG_ENABLE_MODULES = YES;
				CLANG_ENABLE_OBJC_ARC = YES;
				CLANG_ENABLE_OBJC_WEAK = YES;
				CLANG_WARN_BLOCK_CAPTURE_AUTORELEASING = YES;
				CLANG_WARN_BOOL_CONVERSION = YES;
				CLANG_WARN_COMMA = YES;
				CLANG_WARN_CONSTANT_CONVERSION = YES;
				CLANG_WARN_DEPRECATED_OBJC_IMPLEMENTATIONS = YES;
				CLANG_WARN_DIRECT_OBJC_ISA_USAGE = YES_ERROR;
				CLANG_WARN_DOCUMENTATION_COMMENTS = YES;
				CLANG_WARN_EMPTY_BODY = YES;
				CLANG_WARN_ENUM_CONVERSION = YES;
				CLANG_WARN_INFINITE_RECURSION = YES;
				CLANG_WARN_INT_CONVERSION = YES;
				CLANG_WARN_NON_LITERAL_NULL_CONVERSION = YES;
				CLANG_WARN_OBJC_IMPLICIT_RETAIN_SELF = YES;
				CLANG_WARN_OBJC_LITERAL_CONVERSION = YES;
				CLANG_WARN_OBJC_ROOT_CLASS = YES_ERROR;
				CLANG_WARN_RANGE_LOOP_ANALYSIS = YES;
				CLANG_WARN_STRICT_PROTOTYPES = YES;
				CLANG_WARN_SUSPICIOUS_MOVE = YES;
				CLANG_WARN_UNGUARDED_AVAILABILITY = YES_AGGRESSIVE;
				CLANG_WARN_UNREACHABLE_CODE = YES;
				CLANG_WARN__DUPLICATE_METHOD_MATCH = YES;
				CODE_SIGN_IDENTITY = "iPhone Developer";
				COPY_PHASE_STRIP = NO;
				DEBUG_INFORMATION_FORMAT = dwarf;
				ENABLE_STRICT_OBJC_MSGSEND = YES;
				ENABLE_TESTABILITY = YES;
				GCC_C_LANGUAGE_STANDARD = gnu11;
				GCC_DYNAMIC_NO_PIC = NO;
				GCC_NO_COMMON_BLOCKS = YES;
				GCC_OPTIMIZATION_LEVEL = 0;
				GCC_PREPROCESSOR_DEFINITIONS = (
					"DEBUG=1",
					"$(inherited)",
				);
				GCC_WARN_64_TO_32_BIT_CONVERSION = YES;
				GCC_WARN_ABOUT_RETURN_TYPE = YES_ERROR;
				GCC_WARN_UNDECLARED_SELECTOR = YES;
				GCC_WARN_UNINITIALIZED_AUTOS = YES_AGGRESSIVE;
				GCC_WARN_UNUSED_FUNCTION = YES;
				GCC_WARN_UNUSED_VARIABLE = YES;
				IPHONEOS_DEPLOYMENT_TARGET = 12.1;
				MTL_ENABLE_DEBUG_INFO = INCLUDE_SOURCE;
				MTL_FAST_MATH = YES;
				ONLY_ACTIVE_ARCH = YES;
				SDKROOT = iphoneos;
				SWIFT_ACTIVE_COMPILATION_CONDITIONS = DEBUG;
				SWIFT_OPTIMIZATION_LEVEL = "-Onone";
			};
			name = Debug;
		};
		036BD461226615A300036F3E /* Release */ = {
			isa = XCBuildConfiguration;
			buildSettings = {
				ALWAYS_SEARCH_USER_PATHS = NO;
				CLANG_ANALYZER_NONNULL = YES;
				CLANG_ANALYZER_NUMBER_OBJECT_CONVERSION = YES_AGGRESSIVE;
				CLANG_CXX_LANGUAGE_STANDARD = "gnu++14";
				CLANG_CXX_LIBRARY = "libc++";
				CLANG_ENABLE_MODULES = YES;
				CLANG_ENABLE_OBJC_ARC = YES;
				CLANG_ENABLE_OBJC_WEAK = YES;
				CLANG_WARN_BLOCK_CAPTURE_AUTORELEASING = YES;
				CLANG_WARN_BOOL_CONVERSION = YES;
				CLANG_WARN_COMMA = YES;
				CLANG_WARN_CONSTANT_CONVERSION = YES;
				CLANG_WARN_DEPRECATED_OBJC_IMPLEMENTATIONS = YES;
				CLANG_WARN_DIRECT_OBJC_ISA_USAGE = YES_ERROR;
				CLANG_WARN_DOCUMENTATION_COMMENTS = YES;
				CLANG_WARN_EMPTY_BODY = YES;
				CLANG_WARN_ENUM_CONVERSION = YES;
				CLANG_WARN_INFINITE_RECURSION = YES;
				CLANG_WARN_INT_CONVERSION = YES;
				CLANG_WARN_NON_LITERAL_NULL_CONVERSION = YES;
				CLANG_WARN_OBJC_IMPLICIT_RETAIN_SELF = YES;
				CLANG_WARN_OBJC_LITERAL_CONVERSION = YES;
				CLANG_WARN_OBJC_ROOT_CLASS = YES_ERROR;
				CLANG_WARN_RANGE_LOOP_ANALYSIS = YES;
				CLANG_WARN_STRICT_PROTOTYPES = YES;
				CLANG_WARN_SUSPICIOUS_MOVE = YES;
				CLANG_WARN_UNGUARDED_AVAILABILITY = YES_AGGRESSIVE;
				CLANG_WARN_UNREACHABLE_CODE = YES;
				CLANG_WARN__DUPLICATE_METHOD_MATCH = YES;
				CODE_SIGN_IDENTITY = "iPhone Developer";
				COPY_PHASE_STRIP = NO;
				DEBUG_INFORMATION_FORMAT = "dwarf-with-dsym";
				ENABLE_NS_ASSERTIONS = NO;
				ENABLE_STRICT_OBJC_MSGSEND = YES;
				GCC_C_LANGUAGE_STANDARD = gnu11;
				GCC_NO_COMMON_BLOCKS = YES;
				GCC_WARN_64_TO_32_BIT_CONVERSION = YES;
				GCC_WARN_ABOUT_RETURN_TYPE = YES_ERROR;
				GCC_WARN_UNDECLARED_SELECTOR = YES;
				GCC_WARN_UNINITIALIZED_AUTOS = YES_AGGRESSIVE;
				GCC_WARN_UNUSED_FUNCTION = YES;
				GCC_WARN_UNUSED_VARIABLE = YES;
				IPHONEOS_DEPLOYMENT_TARGET = 12.1;
				MTL_ENABLE_DEBUG_INFO = NO;
				MTL_FAST_MATH = YES;
				SDKROOT = iphoneos;
				SWIFT_COMPILATION_MODE = wholemodule;
				SWIFT_OPTIMIZATION_LEVEL = "-O";
				VALIDATE_PRODUCT = YES;
			};
			name = Release;
		};
		036BD463226615A300036F3E /* Debug */ = {
			isa = XCBuildConfiguration;
			buildSettings = {
				ASSETCATALOG_COMPILER_APPICON_NAME = AppIcon;
				CODE_SIGN_STYLE = Automatic;
				DEVELOPMENT_TEAM = 8C5J828CXA;
				INFOPLIST_FILE = "clubber(ios)/Info.plist";
				LD_RUNPATH_SEARCH_PATHS = (
					"$(inherited)",
					"@executable_path/Frameworks",
				);
				PRODUCT_BUNDLE_IDENTIFIER = "de-clubber-stuttgart.clubber-ios-12345";
				PRODUCT_NAME = "$(TARGET_NAME)";
				SWIFT_VERSION = 4.2;
				TARGETED_DEVICE_FAMILY = "1,2";
			};
			name = Debug;
		};
		036BD464226615A300036F3E /* Release */ = {
			isa = XCBuildConfiguration;
			buildSettings = {
				ASSETCATALOG_COMPILER_APPICON_NAME = AppIcon;
				CODE_SIGN_STYLE = Automatic;
				DEVELOPMENT_TEAM = 8C5J828CXA;
				INFOPLIST_FILE = "clubber(ios)/Info.plist";
				LD_RUNPATH_SEARCH_PATHS = (
					"$(inherited)",
					"@executable_path/Frameworks",
				);
				PRODUCT_BUNDLE_IDENTIFIER = "de-clubber-stuttgart.clubber-ios-12345";
				PRODUCT_NAME = "$(TARGET_NAME)";
				SWIFT_VERSION = 4.2;
				TARGETED_DEVICE_FAMILY = "1,2";
			};
			name = Release;
		};
		036BD466226615A300036F3E /* Debug */ = {
			isa = XCBuildConfiguration;
			buildSettings = {
				ALWAYS_EMBED_SWIFT_STANDARD_LIBRARIES = YES;
				BUNDLE_LOADER = "$(TEST_HOST)";
				CODE_SIGN_STYLE = Automatic;
				DEVELOPMENT_TEAM = C44K2Z4B36;
				INFOPLIST_FILE = "clubber(ios)Tests/Info.plist";
				LD_RUNPATH_SEARCH_PATHS = (
					"$(inherited)",
					"@executable_path/Frameworks",
					"@loader_path/Frameworks",
				);
				PRODUCT_BUNDLE_IDENTIFIER = "de-clubber-stuttgart.clubber-ios-Tests";
				PRODUCT_NAME = "$(TARGET_NAME)";
				SWIFT_VERSION = 4.2;
				TARGETED_DEVICE_FAMILY = "1,2";
				TEST_HOST = "$(BUILT_PRODUCTS_DIR)/clubber(ios).app/clubber(ios)";
			};
			name = Debug;
		};
		036BD467226615A300036F3E /* Release */ = {
			isa = XCBuildConfiguration;
			buildSettings = {
				ALWAYS_EMBED_SWIFT_STANDARD_LIBRARIES = YES;
				BUNDLE_LOADER = "$(TEST_HOST)";
				CODE_SIGN_STYLE = Automatic;
				DEVELOPMENT_TEAM = C44K2Z4B36;
				INFOPLIST_FILE = "clubber(ios)Tests/Info.plist";
				LD_RUNPATH_SEARCH_PATHS = (
					"$(inherited)",
					"@executable_path/Frameworks",
					"@loader_path/Frameworks",
				);
				PRODUCT_BUNDLE_IDENTIFIER = "de-clubber-stuttgart.clubber-ios-Tests";
				PRODUCT_NAME = "$(TARGET_NAME)";
				SWIFT_VERSION = 4.2;
				TARGETED_DEVICE_FAMILY = "1,2";
				TEST_HOST = "$(BUILT_PRODUCTS_DIR)/clubber(ios).app/clubber(ios)";
			};
			name = Release;
		};
		036BD469226615A300036F3E /* Debug */ = {
			isa = XCBuildConfiguration;
			buildSettings = {
				ALWAYS_EMBED_SWIFT_STANDARD_LIBRARIES = YES;
				CODE_SIGN_STYLE = Automatic;
				DEVELOPMENT_TEAM = C44K2Z4B36;
				INFOPLIST_FILE = "clubber(ios)UITests/Info.plist";
				LD_RUNPATH_SEARCH_PATHS = (
					"$(inherited)",
					"@executable_path/Frameworks",
					"@loader_path/Frameworks",
				);
				PRODUCT_BUNDLE_IDENTIFIER = "de-clubber-stuttgart.clubber-ios-UITests";
				PRODUCT_NAME = "$(TARGET_NAME)";
				SWIFT_VERSION = 4.2;
				TARGETED_DEVICE_FAMILY = "1,2";
				TEST_TARGET_NAME = "clubber(ios)";
			};
			name = Debug;
		};
		036BD46A226615A300036F3E /* Release */ = {
			isa = XCBuildConfiguration;
			buildSettings = {
				ALWAYS_EMBED_SWIFT_STANDARD_LIBRARIES = YES;
				CODE_SIGN_STYLE = Automatic;
				DEVELOPMENT_TEAM = C44K2Z4B36;
				INFOPLIST_FILE = "clubber(ios)UITests/Info.plist";
				LD_RUNPATH_SEARCH_PATHS = (
					"$(inherited)",
					"@executable_path/Frameworks",
					"@loader_path/Frameworks",
				);
				PRODUCT_BUNDLE_IDENTIFIER = "de-clubber-stuttgart.clubber-ios-UITests";
				PRODUCT_NAME = "$(TARGET_NAME)";
				SWIFT_VERSION = 4.2;
				TARGETED_DEVICE_FAMILY = "1,2";
				TEST_TARGET_NAME = "clubber(ios)";
			};
			name = Release;
		};
/* End XCBuildConfiguration section */

/* Begin XCConfigurationList section */
		036BD432226615A200036F3E /* Build configuration list for PBXProject "clubber(ios)" */ = {
			isa = XCConfigurationList;
			buildConfigurations = (
				036BD460226615A300036F3E /* Debug */,
				036BD461226615A300036F3E /* Release */,
			);
			defaultConfigurationIsVisible = 0;
			defaultConfigurationName = Release;
		};
		036BD462226615A300036F3E /* Build configuration list for PBXNativeTarget "clubber(ios)" */ = {
			isa = XCConfigurationList;
			buildConfigurations = (
				036BD463226615A300036F3E /* Debug */,
				036BD464226615A300036F3E /* Release */,
			);
			defaultConfigurationIsVisible = 0;
			defaultConfigurationName = Release;
		};
		036BD465226615A300036F3E /* Build configuration list for PBXNativeTarget "clubber(ios)Tests" */ = {
			isa = XCConfigurationList;
			buildConfigurations = (
				036BD466226615A300036F3E /* Debug */,
				036BD467226615A300036F3E /* Release */,
			);
			defaultConfigurationIsVisible = 0;
			defaultConfigurationName = Release;
		};
		036BD468226615A300036F3E /* Build configuration list for PBXNativeTarget "clubber(ios)UITests" */ = {
			isa = XCConfigurationList;
			buildConfigurations = (
				036BD469226615A300036F3E /* Debug */,
				036BD46A226615A300036F3E /* Release */,
			);
			defaultConfigurationIsVisible = 0;
			defaultConfigurationName = Release;
		};
/* End XCConfigurationList section */

/* Begin XCVersionGroup section */
		036BD441226615A200036F3E /* clubber_ios_.xcdatamodeld */ = {
			isa = XCVersionGroup;
			children = (
				036BD442226615A200036F3E /* clubber_ios_.xcdatamodel */,
			);
			currentVersion = 036BD442226615A200036F3E /* clubber_ios_.xcdatamodel */;
			path = clubber_ios_.xcdatamodeld;
			sourceTree = "<group>";
			versionGroupType = wrapper.xcdatamodel;
		};
/* End XCVersionGroup section */
	};
	rootObject = 036BD42F226615A200036F3E /* Project object */;
}
